
Microsoft Visual Studio Solution File, Format Version 12.00
# Visual Studio 14
VisualStudioVersion = 14.0.25123.0
MinimumVisualStudioVersion = 10.0.40219.1
Project("{FAE04EC0-301F-11D3-BF4B-00C04F79EFBC}") = "ChessGame", "ChessGame\ChessGame.csproj", "{F81CA479-5098-4D06-AE11-86EDA149CD31}"
EndProject
Project("{FAE04EC0-301F-11D3-BF4B-00C04F79EFBC}") = "Chess.Model", "Chess.Model\Chess.Model.csproj", "{459532A3-ED13-4707-A886-0AB0C1948B49}"
EndProject
Project("{FAE04EC0-301F-11D3-BF4B-00C04F79EFBC}") = "Chess.MatchRules", "Chess.MatchRules\Chess.MatchRules.csproj", "{52875669-39DA-4664-ACF2-82B83BBAD488}"
EndProject
Global
	GlobalSection(SolutionConfigurationPlatforms) = preSolution
		Debug|Any CPU = Debug|Any CPU
		Release|Any CPU = Release|Any CPU
	EndGlobalSection
	GlobalSection(ProjectConfigurationPlatforms) = postSolution
		{F81CA479-5098-4D06-AE11-86EDA149CD31}.Debug|Any CPU.ActiveCfg = Debug|Any CPU
		{F81CA479-5098-4D06-AE11-86EDA149CD31}.Debug|Any CPU.Build.0 = Debug|Any CPU
		{F81CA479-5098-4D06-AE11-86EDA149CD31}.Release|Any CPU.ActiveCfg = Release|Any CPU
		{F81CA479-5098-4D06-AE11-86EDA149CD31}.Release|Any CPU.Build.0 = Release|Any CPU
		{459532A3-ED13-4707-A886-0AB0C1948B49}.Debug|Any CPU.ActiveCfg = Debug|Any CPU
		{459532A3-ED13-4707-A886-0AB0C1948B49}.Debug|Any CPU.Build.0 = Debug|Any CPU
		{459532A3-ED13-4707-A886-0AB0C1948B49}.Release|Any CPU.ActiveCfg = Release|Any CPU
		{459532A3-ED13-4707-A886-0AB0C1948B49}.Release|Any CPU.Build.0 = Release|Any CPU
		{52875669-39DA-4664-ACF2-82B83BBAD488}.Debug|Any CPU.ActiveCfg = Debug|Any CPU
		{52875669-39DA-4664-ACF2-82B83BBAD488}.Debug|Any CPU.Build.0 = Debug|Any CPU
		{52875669-39DA-4664-ACF2-82B83BBAD488}.Release|Any CPU.ActiveCfg = Release|Any CPU
		{52875669-39DA-4664-ACF2-82B83BBAD488}.Release|Any CPU.Build.0 = Release|Any CPU
	EndGlobalSection
	GlobalSection(SolutionProperties) = preSolution
		HideSolutionNode = FALSE
	EndGlobalSection
EndGlobal
